
Microsoft Visual Studio Solution File, Format Version 12.00
# Visual Studio Version 16
VisualStudioVersion = 16.0.30114.105
MinimumVisualStudioVersion = 10.0.40219.1
Project("{FAE04EC0-301F-11D3-BF4B-00C04F79EFBC}") = "API", "API\API.csproj", "{C6FE4109-4B4C-4A26-BD75-D98D0DE38EE3}"
EndProject
Project("{FAE04EC0-301F-11D3-BF4B-00C04F79EFBC}") = "Application", "Application\Application.csproj", "{EAFC5445-C547-4974-97C1-00D92D4E78BA}"
EndProject
Project("{FAE04EC0-301F-11D3-BF4B-00C04F79EFBC}") = "Domain", "Domain\Domain.csproj", "{CD93CB2D-CC8E-453D-8143-FEFA68F17579}"
EndProject
Project("{FAE04EC0-301F-11D3-BF4B-00C04F79EFBC}") = "Persisntece", "Persisntece\Persisntece.csproj", "{E2E11BAB-D177-44FA-9D55-08A24D7E6F7D}"
EndProject
Global
	GlobalSection(SolutionConfigurationPlatforms) = preSolution
		Debug|Any CPU = Debug|Any CPU
		Debug|x64 = Debug|x64
		Debug|x86 = Debug|x86
		Release|Any CPU = Release|Any CPU
		Release|x64 = Release|x64
		Release|x86 = Release|x86
	EndGlobalSection
	GlobalSection(SolutionProperties) = preSolution
		HideSolutionNode = FALSE
	EndGlobalSection
	GlobalSection(ProjectConfigurationPlatforms) = postSolution
		{C6FE4109-4B4C-4A26-BD75-D98D0DE38EE3}.Debug|Any CPU.ActiveCfg = Debug|Any CPU
		{C6FE4109-4B4C-4A26-BD75-D98D0DE38EE3}.Debug|Any CPU.Build.0 = Debug|Any CPU
		{C6FE4109-4B4C-4A26-BD75-D98D0DE38EE3}.Debug|x64.ActiveCfg = Debug|Any CPU
		{C6FE4109-4B4C-4A26-BD75-D98D0DE38EE3}.Debug|x64.Build.0 = Debug|Any CPU
		{C6FE4109-4B4C-4A26-BD75-D98D0DE38EE3}.Debug|x86.ActiveCfg = Debug|Any CPU
		{C6FE4109-4B4C-4A26-BD75-D98D0DE38EE3}.Debug|x86.Build.0 = Debug|Any CPU
		{C6FE4109-4B4C-4A26-BD75-D98D0DE38EE3}.Release|Any CPU.ActiveCfg = Release|Any CPU
		{C6FE4109-4B4C-4A26-BD75-D98D0DE38EE3}.Release|Any CPU.Build.0 = Release|Any CPU
		{C6FE4109-4B4C-4A26-BD75-D98D0DE38EE3}.Release|x64.ActiveCfg = Release|Any CPU
		{C6FE4109-4B4C-4A26-BD75-D98D0DE38EE3}.Release|x64.Build.0 = Release|Any CPU
		{C6FE4109-4B4C-4A26-BD75-D98D0DE38EE3}.Release|x86.ActiveCfg = Release|Any CPU
		{C6FE4109-4B4C-4A26-BD75-D98D0DE38EE3}.Release|x86.Build.0 = Release|Any CPU
		{EAFC5445-C547-4974-97C1-00D92D4E78BA}.Debug|Any CPU.ActiveCfg = Debug|Any CPU
		{EAFC5445-C547-4974-97C1-00D92D4E78BA}.Debug|Any CPU.Build.0 = Debug|Any CPU
		{EAFC5445-C547-4974-97C1-00D92D4E78BA}.Debug|x64.ActiveCfg = Debug|Any CPU
		{EAFC5445-C547-4974-97C1-00D92D4E78BA}.Debug|x64.Build.0 = Debug|Any CPU
		{EAFC5445-C547-4974-97C1-00D92D4E78BA}.Debug|x86.ActiveCfg = Debug|Any CPU
		{EAFC5445-C547-4974-97C1-00D92D4E78BA}.Debug|x86.Build.0 = Debug|Any CPU
		{EAFC5445-C547-4974-97C1-00D92D4E78BA}.Release|Any CPU.ActiveCfg = Release|Any CPU
		{EAFC5445-C547-4974-97C1-00D92D4E78BA}.Release|Any CPU.Build.0 = Release|Any CPU
		{EAFC5445-C547-4974-97C1-00D92D4E78BA}.Release|x64.ActiveCfg = Release|Any CPU
		{EAFC5445-C547-4974-97C1-00D92D4E78BA}.Release|x64.Build.0 = Release|Any CPU
		{EAFC5445-C547-4974-97C1-00D92D4E78BA}.Release|x86.ActiveCfg = Release|Any CPU
		{EAFC5445-C547-4974-97C1-00D92D4E78BA}.Release|x86.Build.0 = Release|Any CPU
		{CD93CB2D-CC8E-453D-8143-FEFA68F17579}.Debug|Any CPU.ActiveCfg = Debug|Any CPU
		{CD93CB2D-CC8E-453D-8143-FEFA68F17579}.Debug|Any CPU.Build.0 = Debug|Any CPU
		{CD93CB2D-CC8E-453D-8143-FEFA68F17579}.Debug|x64.ActiveCfg = Debug|Any CPU
		{CD93CB2D-CC8E-453D-8143-FEFA68F17579}.Debug|x64.Build.0 = Debug|Any CPU
		{CD93CB2D-CC8E-453D-8143-FEFA68F17579}.Debug|x86.ActiveCfg = Debug|Any CPU
		{CD93CB2D-CC8E-453D-8143-FEFA68F17579}.Debug|x86.Build.0 = Debug|Any CPU
		{CD93CB2D-CC8E-453D-8143-FEFA68F17579}.Release|Any CPU.ActiveCfg = Release|Any CPU
		{CD93CB2D-CC8E-453D-8143-FEFA68F17579}.Release|Any CPU.Build.0 = Release|Any CPU
		{CD93CB2D-CC8E-453D-8143-FEFA68F17579}.Release|x64.ActiveCfg = Release|Any CPU
		{CD93CB2D-CC8E-453D-8143-FEFA68F17579}.Release|x64.Build.0 = Release|Any CPU
		{CD93CB2D-CC8E-453D-8143-FEFA68F17579}.Release|x86.ActiveCfg = Release|Any CPU
		{CD93CB2D-CC8E-453D-8143-FEFA68F17579}.Release|x86.Build.0 = Release|Any CPU
		{E2E11BAB-D177-44FA-9D55-08A24D7E6F7D}.Debug|Any CPU.ActiveCfg = Debug|Any CPU
		{E2E11BAB-D177-44FA-9D55-08A24D7E6F7D}.Debug|Any CPU.Build.0 = Debug|Any CPU
		{E2E11BAB-D177-44FA-9D55-08A24D7E6F7D}.Debug|x64.ActiveCfg = Debug|Any CPU
		{E2E11BAB-D177-44FA-9D55-08A24D7E6F7D}.Debug|x64.Build.0 = Debug|Any CPU
		{E2E11BAB-D177-44FA-9D55-08A24D7E6F7D}.Debug|x86.ActiveCfg = Debug|Any CPU
		{E2E11BAB-D177-44FA-9D55-08A24D7E6F7D}.Debug|x86.Build.0 = Debug|Any CPU
		{E2E11BAB-D177-44FA-9D55-08A24D7E6F7D}.Release|Any CPU.ActiveCfg = Release|Any CPU
		{E2E11BAB-D177-44FA-9D55-08A24D7E6F7D}.Release|Any CPU.Build.0 = Release|Any CPU
		{E2E11BAB-D177-44FA-9D55-08A24D7E6F7D}.Release|x64.ActiveCfg = Release|Any CPU
		{E2E11BAB-D177-44FA-9D55-08A24D7E6F7D}.Release|x64.Build.0 = Release|Any CPU
		{E2E11BAB-D177-44FA-9D55-08A24D7E6F7D}.Release|x86.ActiveCfg = Release|Any CPU
		{E2E11BAB-D177-44FA-9D55-08A24D7E6F7D}.Release|x86.Build.0 = Release|Any CPU
	EndGlobalSection
EndGlobal
